
Microsoft Visual Studio Solution File, Format Version 12.00
# Visual Studio Version 16
VisualStudioVersion = 16.0.33423.256
MinimumVisualStudioVersion = 10.0.40219.1
Project("{FAE04EC0-301F-11D3-BF4B-00C04F79EFBC}") = "Promedio1LiamTeixido", "Promedio1LiamTeixido\Promedio1LiamTeixido.csproj", "{5E52C5F7-0FB6-47AB-B104-3AEE240A509F}"
EndProject
Global
	GlobalSection(SolutionConfigurationPlatforms) = preSolution
		Debug|Any CPU = Debug|Any CPU
		Release|Any CPU = Release|Any CPU
	EndGlobalSection
	GlobalSection(ProjectConfigurationPlatforms) = postSolution
		{5E52C5F7-0FB6-47AB-B104-3AEE240A509F}.Debug|Any CPU.ActiveCfg = Debug|Any CPU
		{5E52C5F7-0FB6-47AB-B104-3AEE240A509F}.Debug|Any CPU.Build.0 = Debug|Any CPU
		{5E52C5F7-0FB6-47AB-B104-3AEE240A509F}.Release|Any CPU.ActiveCfg = Release|Any CPU
		{5E52C5F7-0FB6-47AB-B104-3AEE240A509F}.Release|Any CPU.Build.0 = Release|Any CPU
	EndGlobalSection
	GlobalSection(SolutionProperties) = preSolution
		HideSolutionNode = FALSE
	EndGlobalSection
	GlobalSection(ExtensibilityGlobals) = postSolution
		SolutionGuid = {3DE1A90A-7AF0-4BC8-8B93-6466CA335138}
	EndGlobalSection
EndGlobal
